{
  "name": "ifttt-wifi-home-presence",
  "version": "1.0.0",
  "lockfileVersion": 1,
  "requires": true,
  "dependencies": {
    "ifttt-webhooks-channel": {
      "version": "1.1.0",
      "resolved": "https://nexus.guidewire.com/repository/npm_group/ifttt-webhooks-channel/-/ifttt-webhooks-channel-1.1.0.tgz",
      "integrity": "sha512-4fIFsr7f48CMGknpg4UVmfD6tbXtcVNGa7I/4WzxNZHneU2pd7oAbeIUuxu2LmGp+pSpc43oo3IfCDynLepx4w==",
      "requires": {
        "node-fetch": "^2.6.0"
      }
    },
    "node-fetch": {
      "version": "2.6.0",
      "resolved": "https://nexus.guidewire.com/repository/npm_group/node-fetch/-/node-fetch-2.6.0.tgz",
      "integrity": "sha512-8dG4H5ujfvFiqDmVu9fQ5bOHUC15JMjMY/Zumv26oOvvVJjM67KF8koCWIabKQ1GJIa9r2mMZscBq/TbdOcmNA=="
    },
    "ping": {
      "version": "0.2.2",
      "resolved": "https://nexus.guidewire.com/repository/npm_group/ping/-/ping-0.2.2.tgz",
      "integrity": "sha1-GA+3UIwdx0eThJvONcgHP5llvOI=",
      "requires": {
        "q": "1.x",
        "underscore": "^1.8.3"
      }
    },
    "q": {
      "version": "1.5.1",
      "resolved": "https://nexus.guidewire.com/repository/npm_group/q/-/q-1.5.1.tgz",
      "integrity": "sha1-fjL3W0E4EpHQRhHxvxQQmsAGUdc="
    },
    "tcp-ping": {
      "version": "0.1.1",
      "resolved": "https://nexus.guidewire.com/repository/npm_group/tcp-ping/-/tcp-ping-0.1.1.tgz",
      "integrity": "sha1-At1/QrW/fXy3jVt6rO+hVf2PfAw="
    },
    "underscore": {
      "version": "1.9.1",
      "resolved": "https://nexus.guidewire.com/repository/npm_group/underscore/-/underscore-1.9.1.tgz",
      "integrity": "sha512-5/4etnCkd9c8gwgowi5/om/mYO5ajCaOgdzj/oW+0eQV9WxKBDZw5+ycmKmeaTXjInS/W0BzpGLo2xR2aBwZdg=="
    }
  }
}
